
Microsoft Visual Studio Solution File, Format Version 12.00
# Visual Studio Version 17
VisualStudioVersion = 17.9.34616.47
MinimumVisualStudioVersion = 10.0.40219.1
Project("{9A19103F-16F7-4668-BE54-9A1E7A4F7556}") = "Model", "Palamarchuk_OOP_Kursach_1\Model.csproj", "{84118267-84E8-4B46-B711-48ABE03263D3}"
EndProject
Project("{FAE04EC0-301F-11D3-BF4B-00C04F79EFBC}") = "View", "View\View.csproj", "{74E31154-554D-4CD9-A971-6D67DA390100}"
EndProject
Project("{FAE04EC0-301F-11D3-BF4B-00C04F79EFBC}") = "ViewModel", "ViewModel\ViewModel.csproj", "{9E0FD365-53D3-46AD-952A-C6733C2761D9}"
EndProject
Global
	GlobalSection(SolutionConfigurationPlatforms) = preSolution
		Debug|Any CPU = Debug|Any CPU
		Release|Any CPU = Release|Any CPU
	EndGlobalSection
	GlobalSection(ProjectConfigurationPlatforms) = postSolution
		{84118267-84E8-4B46-B711-48ABE03263D3}.Debug|Any CPU.ActiveCfg = Debug|Any CPU
		{84118267-84E8-4B46-B711-48ABE03263D3}.Debug|Any CPU.Build.0 = Debug|Any CPU
		{84118267-84E8-4B46-B711-48ABE03263D3}.Release|Any CPU.ActiveCfg = Release|Any CPU
		{84118267-84E8-4B46-B711-48ABE03263D3}.Release|Any CPU.Build.0 = Release|Any CPU
		{74E31154-554D-4CD9-A971-6D67DA390100}.Debug|Any CPU.ActiveCfg = Debug|Any CPU
		{74E31154-554D-4CD9-A971-6D67DA390100}.Debug|Any CPU.Build.0 = Debug|Any CPU
		{74E31154-554D-4CD9-A971-6D67DA390100}.Release|Any CPU.ActiveCfg = Release|Any CPU
		{74E31154-554D-4CD9-A971-6D67DA390100}.Release|Any CPU.Build.0 = Release|Any CPU
		{9E0FD365-53D3-46AD-952A-C6733C2761D9}.Debug|Any CPU.ActiveCfg = Debug|Any CPU
		{9E0FD365-53D3-46AD-952A-C6733C2761D9}.Debug|Any CPU.Build.0 = Debug|Any CPU
		{9E0FD365-53D3-46AD-952A-C6733C2761D9}.Release|Any CPU.ActiveCfg = Release|Any CPU
		{9E0FD365-53D3-46AD-952A-C6733C2761D9}.Release|Any CPU.Build.0 = Release|Any CPU
	EndGlobalSection
	GlobalSection(SolutionProperties) = preSolution
		HideSolutionNode = FALSE
	EndGlobalSection
	GlobalSection(ExtensibilityGlobals) = postSolution
		SolutionGuid = {9D4F3802-399C-4C6F-9B0D-FAE59EC81EC5}
	EndGlobalSection
EndGlobal
